
Microsoft Visual Studio Solution File, Format Version 12.00
# Visual Studio Version 17
VisualStudioVersion = 17.8.34330.188
MinimumVisualStudioVersion = 10.0.40219.1
Project("{9A19103F-16F7-4668-BE54-9A1E7A4F7556}") = "EnterpriseName.SolutionName.APIRest", "EnterpriseName.SolutionName.APIRest\EnterpriseName.SolutionName.APIRest.csproj", "{D1F71161-33CF-47E0-8BE4-7911281EF187}"
EndProject
Project("{2150E333-8FDC-42A3-9474-1A3956D46DE8}") = "Domain", "Domain", "{B944B971-A986-461C-80E7-7A66C507E5B3}"
EndProject
Project("{2150E333-8FDC-42A3-9474-1A3956D46DE8}") = "Infraestructure", "Infraestructure", "{E7DCF191-3BAC-4E84-87E6-02ABD72F78B0}"
EndProject
Project("{2150E333-8FDC-42A3-9474-1A3956D46DE8}") = "Interface", "Interface", "{F47C6C6D-2FF4-4732-9C18-238982BFD10C}"
EndProject
Project("{9A19103F-16F7-4668-BE54-9A1E7A4F7556}") = "EnterpriseName.SolutionName.Models", "EnterpriseName.SolutionName.Models\EnterpriseName.SolutionName.Models.csproj", "{36CD01B9-8B97-4DCD-A189-202AC3633B34}"
EndProject
Project("{9A19103F-16F7-4668-BE54-9A1E7A4F7556}") = "EnterpriseName.SolutionName.BLL", "EnterpriseName.SolutionName.BLL\EnterpriseName.SolutionName.BLL.csproj", "{B2D2BA77-7316-49F3-920E-81E559D5A6CD}"
EndProject
Project("{9A19103F-16F7-4668-BE54-9A1E7A4F7556}") = "EnterpriseName.SolutionName.DLL", "EnterpriseName.SolutionName.DLL\EnterpriseName.SolutionName.DLL.csproj", "{AA89E411-A4B2-4451-89ED-0FD3DFC08699}"
EndProject
Project("{9A19103F-16F7-4668-BE54-9A1E7A4F7556}") = "EnterpriseName.SolutionName.Resources", "EnterpriseName.SolutionName.Resources\EnterpriseName.SolutionName.Resources.csproj", "{BD71D891-572A-4FBF-8D53-C5D40773788E}"
EndProject
Project("{9A19103F-16F7-4668-BE54-9A1E7A4F7556}") = "EnterpriseName.SolutionName.Helpers", "EnterpriseName.SolutionName.Helpers\EnterpriseName.SolutionName.Helpers.csproj", "{9F34CE2D-06CA-47BF-A72E-4A56ED8D3002}"
EndProject
Project("{E53339B2-1760-4266-BCC7-CA923CBCF16C}") = "docker-compose", "docker-compose.dcproj", "{F994D0DE-F539-4CC6-93A7-9E3C284CBB23}"
EndProject
Project("{2150E333-8FDC-42A3-9474-1A3956D46DE8}") = "Deployment", "Deployment", "{284050F6-6363-4ED5-B7D6-90C544F7F45C}"
EndProject
Global
	GlobalSection(SolutionConfigurationPlatforms) = preSolution
		Debug|Any CPU = Debug|Any CPU
		Release|Any CPU = Release|Any CPU
	EndGlobalSection
	GlobalSection(ProjectConfigurationPlatforms) = postSolution
		{D1F71161-33CF-47E0-8BE4-7911281EF187}.Debug|Any CPU.ActiveCfg = Debug|Any CPU
		{D1F71161-33CF-47E0-8BE4-7911281EF187}.Debug|Any CPU.Build.0 = Debug|Any CPU
		{D1F71161-33CF-47E0-8BE4-7911281EF187}.Release|Any CPU.ActiveCfg = Release|Any CPU
		{D1F71161-33CF-47E0-8BE4-7911281EF187}.Release|Any CPU.Build.0 = Release|Any CPU
		{36CD01B9-8B97-4DCD-A189-202AC3633B34}.Debug|Any CPU.ActiveCfg = Debug|Any CPU
		{36CD01B9-8B97-4DCD-A189-202AC3633B34}.Debug|Any CPU.Build.0 = Debug|Any CPU
		{36CD01B9-8B97-4DCD-A189-202AC3633B34}.Release|Any CPU.ActiveCfg = Release|Any CPU
		{36CD01B9-8B97-4DCD-A189-202AC3633B34}.Release|Any CPU.Build.0 = Release|Any CPU
		{B2D2BA77-7316-49F3-920E-81E559D5A6CD}.Debug|Any CPU.ActiveCfg = Debug|Any CPU
		{B2D2BA77-7316-49F3-920E-81E559D5A6CD}.Debug|Any CPU.Build.0 = Debug|Any CPU
		{B2D2BA77-7316-49F3-920E-81E559D5A6CD}.Release|Any CPU.ActiveCfg = Release|Any CPU
		{B2D2BA77-7316-49F3-920E-81E559D5A6CD}.Release|Any CPU.Build.0 = Release|Any CPU
		{AA89E411-A4B2-4451-89ED-0FD3DFC08699}.Debug|Any CPU.ActiveCfg = Debug|Any CPU
		{AA89E411-A4B2-4451-89ED-0FD3DFC08699}.Debug|Any CPU.Build.0 = Debug|Any CPU
		{AA89E411-A4B2-4451-89ED-0FD3DFC08699}.Release|Any CPU.ActiveCfg = Release|Any CPU
		{AA89E411-A4B2-4451-89ED-0FD3DFC08699}.Release|Any CPU.Build.0 = Release|Any CPU
		{BD71D891-572A-4FBF-8D53-C5D40773788E}.Debug|Any CPU.ActiveCfg = Debug|Any CPU
		{BD71D891-572A-4FBF-8D53-C5D40773788E}.Debug|Any CPU.Build.0 = Debug|Any CPU
		{BD71D891-572A-4FBF-8D53-C5D40773788E}.Release|Any CPU.ActiveCfg = Release|Any CPU
		{BD71D891-572A-4FBF-8D53-C5D40773788E}.Release|Any CPU.Build.0 = Release|Any CPU
		{9F34CE2D-06CA-47BF-A72E-4A56ED8D3002}.Debug|Any CPU.ActiveCfg = Debug|Any CPU
		{9F34CE2D-06CA-47BF-A72E-4A56ED8D3002}.Debug|Any CPU.Build.0 = Debug|Any CPU
		{9F34CE2D-06CA-47BF-A72E-4A56ED8D3002}.Release|Any CPU.ActiveCfg = Release|Any CPU
		{9F34CE2D-06CA-47BF-A72E-4A56ED8D3002}.Release|Any CPU.Build.0 = Release|Any CPU
		{F994D0DE-F539-4CC6-93A7-9E3C284CBB23}.Debug|Any CPU.ActiveCfg = Debug|Any CPU
		{F994D0DE-F539-4CC6-93A7-9E3C284CBB23}.Debug|Any CPU.Build.0 = Debug|Any CPU
		{F994D0DE-F539-4CC6-93A7-9E3C284CBB23}.Release|Any CPU.ActiveCfg = Release|Any CPU
		{F994D0DE-F539-4CC6-93A7-9E3C284CBB23}.Release|Any CPU.Build.0 = Release|Any CPU
	EndGlobalSection
	GlobalSection(SolutionProperties) = preSolution
		HideSolutionNode = FALSE
	EndGlobalSection
	GlobalSection(NestedProjects) = preSolution
		{36CD01B9-8B97-4DCD-A189-202AC3633B34} = {B944B971-A986-461C-80E7-7A66C507E5B3}
		{B2D2BA77-7316-49F3-920E-81E559D5A6CD} = {B944B971-A986-461C-80E7-7A66C507E5B3}
		{AA89E411-A4B2-4451-89ED-0FD3DFC08699} = {F47C6C6D-2FF4-4732-9C18-238982BFD10C}
		{BD71D891-572A-4FBF-8D53-C5D40773788E} = {E7DCF191-3BAC-4E84-87E6-02ABD72F78B0}
		{9F34CE2D-06CA-47BF-A72E-4A56ED8D3002} = {E7DCF191-3BAC-4E84-87E6-02ABD72F78B0}
		{F994D0DE-F539-4CC6-93A7-9E3C284CBB23} = {284050F6-6363-4ED5-B7D6-90C544F7F45C}
	EndGlobalSection
	GlobalSection(ExtensibilityGlobals) = postSolution
		SolutionGuid = {DE4C4471-B790-4347-B54E-F4191C2DA344}
	EndGlobalSection
EndGlobal
